
Microsoft Visual Studio Solution File, Format Version 12.00
# Visual Studio Version 16
VisualStudioVersion = 16.0.31129.286
MinimumVisualStudioVersion = 10.0.40219.1
Project("{FAE04EC0-301F-11D3-BF4B-00C04F79EFBC}") = "ISA - Makeup", "ISA - Makeup.csproj", "{117AFE9B-C587-4732-BAE2-DB1F0739D5CC}"
EndProject
Global
	GlobalSection(SolutionConfigurationPlatforms) = preSolution
		Debug|Any CPU = Debug|Any CPU
		Release|Any CPU = Release|Any CPU
	EndGlobalSection
	GlobalSection(ProjectConfigurationPlatforms) = postSolution
		{117AFE9B-C587-4732-BAE2-DB1F0739D5CC}.Debug|Any CPU.ActiveCfg = Debug|Any CPU
		{117AFE9B-C587-4732-BAE2-DB1F0739D5CC}.Debug|Any CPU.Build.0 = Debug|Any CPU
		{117AFE9B-C587-4732-BAE2-DB1F0739D5CC}.Release|Any CPU.ActiveCfg = Release|Any CPU
		{117AFE9B-C587-4732-BAE2-DB1F0739D5CC}.Release|Any CPU.Build.0 = Release|Any CPU
	EndGlobalSection
	GlobalSection(SolutionProperties) = preSolution
		HideSolutionNode = FALSE
	EndGlobalSection
	GlobalSection(ExtensibilityGlobals) = postSolution
		SolutionGuid = {09086D19-C2F1-40DF-A2EE-D7FA9A3A0ED1}
	EndGlobalSection
EndGlobal
